
Microsoft Visual Studio Solution File, Format Version 12.00
# Visual Studio 15
VisualStudioVersion = 15.0.27004.2002
MinimumVisualStudioVersion = 10.0.40219.1
Project("{FAE04EC0-301F-11D3-BF4B-00C04F79EFBC}") = "Wallet", "Wallet\Wallet.csproj", "{56A38603-0F1C-456D-BD19-E856AE37AB27}"
EndProject
Project("{00D1A9C2-B5F0-4AF3-8072-F6C62B433612}") = "Wallet.DB", "Wallet.DB\Wallet.DB.sqlproj", "{59EEB2F1-5C5D-4B05-930F-F09664B265B4}"
EndProject
Global
	GlobalSection(SolutionConfigurationPlatforms) = preSolution
		Debug|Any CPU = Debug|Any CPU
		Release|Any CPU = Release|Any CPU
	EndGlobalSection
	GlobalSection(ProjectConfigurationPlatforms) = postSolution
		{56A38603-0F1C-456D-BD19-E856AE37AB27}.Debug|Any CPU.ActiveCfg = Debug|Any CPU
		{56A38603-0F1C-456D-BD19-E856AE37AB27}.Debug|Any CPU.Build.0 = Debug|Any CPU
		{56A38603-0F1C-456D-BD19-E856AE37AB27}.Release|Any CPU.ActiveCfg = Release|Any CPU
		{56A38603-0F1C-456D-BD19-E856AE37AB27}.Release|Any CPU.Build.0 = Release|Any CPU
		{59EEB2F1-5C5D-4B05-930F-F09664B265B4}.Debug|Any CPU.ActiveCfg = Debug|Any CPU
		{59EEB2F1-5C5D-4B05-930F-F09664B265B4}.Debug|Any CPU.Build.0 = Debug|Any CPU
		{59EEB2F1-5C5D-4B05-930F-F09664B265B4}.Debug|Any CPU.Deploy.0 = Debug|Any CPU
		{59EEB2F1-5C5D-4B05-930F-F09664B265B4}.Release|Any CPU.ActiveCfg = Release|Any CPU
		{59EEB2F1-5C5D-4B05-930F-F09664B265B4}.Release|Any CPU.Build.0 = Release|Any CPU
		{59EEB2F1-5C5D-4B05-930F-F09664B265B4}.Release|Any CPU.Deploy.0 = Release|Any CPU
	EndGlobalSection
	GlobalSection(SolutionProperties) = preSolution
		HideSolutionNode = FALSE
	EndGlobalSection
	GlobalSection(ExtensibilityGlobals) = postSolution
		SolutionGuid = {32FE5968-A5E5-4526-8867-4659BA6403ED}
	EndGlobalSection
EndGlobal
